
Microsoft Visual Studio Solution File, Format Version 12.00
# Visual Studio Version 17
VisualStudioVersion = 17.3.32929.385
MinimumVisualStudioVersion = 10.0.40219.1
Project("{FAE04EC0-301F-11D3-BF4B-00C04F79EFBC}") = "Interface", "Interface\Interface.csproj", "{44982B8E-1FE7-4963-88E0-F07FC5CC1F4B}"
EndProject
Global
	GlobalSection(SolutionConfigurationPlatforms) = preSolution
		Debug|Any CPU = Debug|Any CPU
		Release|Any CPU = Release|Any CPU
	EndGlobalSection
	GlobalSection(ProjectConfigurationPlatforms) = postSolution
		{44982B8E-1FE7-4963-88E0-F07FC5CC1F4B}.Debug|Any CPU.ActiveCfg = Debug|Any CPU
		{44982B8E-1FE7-4963-88E0-F07FC5CC1F4B}.Debug|Any CPU.Build.0 = Debug|Any CPU
		{44982B8E-1FE7-4963-88E0-F07FC5CC1F4B}.Release|Any CPU.ActiveCfg = Release|Any CPU
		{44982B8E-1FE7-4963-88E0-F07FC5CC1F4B}.Release|Any CPU.Build.0 = Release|Any CPU
	EndGlobalSection
	GlobalSection(SolutionProperties) = preSolution
		HideSolutionNode = FALSE
	EndGlobalSection
	GlobalSection(ExtensibilityGlobals) = postSolution
		SolutionGuid = {C1441C29-098C-48FD-80F2-783909EFF2F5}
	EndGlobalSection
EndGlobal
